PODS:
  - Caishen (1.4.0)
  - CardIO (5.4.1)

DEPENDENCIES:
  - Caishen (from `../`)
  - CardIO

EXTERNAL SOURCES:
  Caishen:
    :path: ../

SPEC CHECKSUMS:
  Caishen: 1d194378fcb51800e4d3d78cf83ce1c7d72d1e79
  CardIO: 56983b39b62f495fc6dae9ad7cf875143df06443

PODFILE CHECKSUM: 1514fd4fa58ab9e1f9e1ed14ec4c0220e09f13d1

COCOAPODS: 1.1.0.rc.3
